
Microsoft Visual Studio Solution File, Format Version 12.00
# Visual Studio Version 17
VisualStudioVersion = 17.9.34728.123
MinimumVisualStudioVersion = 10.0.40219.1
Project("{FAE04EC0-301F-11D3-BF4B-00C04F79EFBC}") = "MarketSatisProjesi", "MarketSatisProjesi.csproj", "{18971418-227F-465B-9A75-9F249B4C9DAA}"
EndProject
Global
	GlobalSection(SolutionConfigurationPlatforms) = preSolution
		Debug|Any CPU = Debug|Any CPU
		Release|Any CPU = Release|Any CPU
	EndGlobalSection
	GlobalSection(ProjectConfigurationPlatforms) = postSolution
		{18971418-227F-465B-9A75-9F249B4C9DAA}.Debug|Any CPU.ActiveCfg = Debug|Any CPU
		{18971418-227F-465B-9A75-9F249B4C9DAA}.Debug|Any CPU.Build.0 = Debug|Any CPU
		{18971418-227F-465B-9A75-9F249B4C9DAA}.Release|Any CPU.ActiveCfg = Release|Any CPU
		{18971418-227F-465B-9A75-9F249B4C9DAA}.Release|Any CPU.Build.0 = Release|Any CPU
	EndGlobalSection
	GlobalSection(SolutionProperties) = preSolution
		HideSolutionNode = FALSE
	EndGlobalSection
	GlobalSection(ExtensibilityGlobals) = postSolution
		SolutionGuid = {245CA3BE-565D-4130-BC8F-40FC0FB89D51}
	EndGlobalSection
EndGlobal
